
Microsoft Visual Studio Solution File, Format Version 12.00
# Visual Studio Version 17
VisualStudioVersion = 17.4.33103.184
MinimumVisualStudioVersion = 10.0.40219.1
Project("{FAE04EC0-301F-11D3-BF4B-00C04F79EFBC}") = "EducacionCorporal", "EducacionCorporal\EducacionCorporal.csproj", "{46DA4AE1-5302-4589-A8AB-C56D1CD7ADBB}"
EndProject
Global
	GlobalSection(SolutionConfigurationPlatforms) = preSolution
		Debug|Any CPU = Debug|Any CPU
		Release|Any CPU = Release|Any CPU
	EndGlobalSection
	GlobalSection(ProjectConfigurationPlatforms) = postSolution
		{46DA4AE1-5302-4589-A8AB-C56D1CD7ADBB}.Debug|Any CPU.ActiveCfg = Debug|Any CPU
		{46DA4AE1-5302-4589-A8AB-C56D1CD7ADBB}.Debug|Any CPU.Build.0 = Debug|Any CPU
		{46DA4AE1-5302-4589-A8AB-C56D1CD7ADBB}.Release|Any CPU.ActiveCfg = Release|Any CPU
		{46DA4AE1-5302-4589-A8AB-C56D1CD7ADBB}.Release|Any CPU.Build.0 = Release|Any CPU
	EndGlobalSection
	GlobalSection(SolutionProperties) = preSolution
		HideSolutionNode = FALSE
	EndGlobalSection
	GlobalSection(ExtensibilityGlobals) = postSolution
		SolutionGuid = {8047E65B-9982-4AC4-9033-7847440D9460}
	EndGlobalSection
EndGlobal
